version = 1
revision = 3
requires-python = "==3.12.9"

[[package]]
name = "metatrader5"
version = "5.0.6231"
source = { registry = "https://pypi.org/simple" }
dependencies = [
    { name = "numpy" },
]
wheels = [
    { url = "https://files.pythonhosted.org/packages/90/ed/525a69afbc050f5b19342a6ddada4f086e2aa9ef63b987bef5d723f29586/metatrader5-5.0.6231-cp312-cp312-win_amd64.whl", hash = "sha256:b94b1f8f52087ae36dfac5f352a96f5d04fe308704d9515f82cf5d1470bc31d4", size = 47968, upload-time = "2026-09-27T12:22:35.219Z" },
]

[[package]]
name = "numpy"
version = "2.3.4"
source = { registry = "https://pypi.org/simple" }
sdist = { url = "https://files.pythonhosted.org/packages/b5/f4/098d2270d52b41f1bd7db9fc288aaa0400cb48c2a3e2af6fa365d9720947/numpy-2.3.4.tar.gz", hash = "sha256:a7d018bfedb375a8d979ac758b120ba846a7fe764911a64465fd87b8729f4a6a", size = 20582187, upload-time = "2025-10-15T16:18:11.77Z" }
wheels = [
    { url = "https://files.pythonhosted.org/packages/73/e3/04ecc41e71462276ee867ccbef26a4448638eadecf1bc56772c9ed6d0255/numpy-2.3.4-cp312-cp312-win32.whl", hash = "sha256:a49d797192a8d950ca59ee2d0337a4d804f713bb5c3c50e8db26d49666e351dc", size = 6291380, upload-time = "2025-10-15T16:16:03.938Z" },
    { url = "https://files.pythonhosted.org/packages/3d/a8/566578b10d8d0e9955b1b6cd5db4e9d4592dd0026a941ff7994cedda030a/numpy-2.3.4-cp312-cp312-win_amd64.whl", hash = "sha256:985f1e46358f06c2a09921e8921e2c98168ed4ae12ccd6e5e87a4f1857923f32", size = 12787999, upload-time = "2025-10-15T16:16:05.801Z" },
    { url = "https://files.pythonhosted.org/packages/58/22/9c903a957d0a8071b607f5b1bff0761d6e608b9a965945411f867d515db1/numpy-2.3.4-cp312-cp312-win_arm64.whl", hash = "sha256:4635239814149e06e2cb9db3dd584b2fa64316c96f10656983b8026a82e6e4db", size = 10197412, upload-time = "2025-10-15T16:16:07.854Z" },
]

[[package]]
name = "sika-trade-planner"
version = "0.1.0"
source = { editable = "." }

[package.optional-dependencies]
windows-mt5 = [
    { name = "metatrader5", marker = "sys_platform == 'win32'" },
]

[package.metadata]
requires-dist = [{ name = "metatrader5", marker = "sys_platform == 'win32' and extra == 'windows-mt5'", specifier = "==5.0.6231" }]
provides-extras = ["windows-mt5"]
